
Microsoft Visual Studio Solution File, Format Version 12.00
# Visual Studio Version 16
VisualStudioVersion = 16.0.31112.23
MinimumVisualStudioVersion = 10.0.40219.1
Project("{FAE04EC0-301F-11D3-BF4B-00C04F79EFBC}") = "BBIT Task 1.1", "BBIT Task 1.1\BBIT Task 1.1.csproj", "{DC883BAB-F413-4AF9-B1A5-685FCB112AC2}"
EndProject
Global
	GlobalSection(SolutionConfigurationPlatforms) = preSolution
		Debug|Any CPU = Debug|Any CPU
		Release|Any CPU = Release|Any CPU
	EndGlobalSection
	GlobalSection(ProjectConfigurationPlatforms) = postSolution
		{DC883BAB-F413-4AF9-B1A5-685FCB112AC2}.Debug|Any CPU.ActiveCfg = Debug|Any CPU
		{DC883BAB-F413-4AF9-B1A5-685FCB112AC2}.Debug|Any CPU.Build.0 = Debug|Any CPU
		{DC883BAB-F413-4AF9-B1A5-685FCB112AC2}.Release|Any CPU.ActiveCfg = Release|Any CPU
		{DC883BAB-F413-4AF9-B1A5-685FCB112AC2}.Release|Any CPU.Build.0 = Release|Any CPU
	EndGlobalSection
	GlobalSection(SolutionProperties) = preSolution
		HideSolutionNode = FALSE
	EndGlobalSection
	GlobalSection(ExtensibilityGlobals) = postSolution
		SolutionGuid = {BC94BD2E-A35C-4CA5-A751-6B8351CAA6F1}
	EndGlobalSection
EndGlobal
